# This file is automatically @generated by Poetry and should not be changed by hand.

[[package]]
name = "docopt"
version = "0.6.2"
description = "Pythonic argument parser, that will make you smile"
category = "main"
optional = false
python-versions = "*"
files = [
    {file = "docopt-0.6.2.tar.gz", hash = "sha256:49b3a825280bd66b3aa83585ef59c4a8c82f2c8a522dbe754a8bc8d08c85c491"},
]

[[package]]
name = "rubik-cube"
version = "0.0.1"
description = "A basic, pure-Python Rubik's cube solver"
category = "main"
optional = false
python-versions = "*"
files = [
    {file = "rubik-cube-0.0.1.tar.gz", hash = "sha256:9b4cba55e1a344460b6c50a809deff1816415afc77dbda9de433d71704d2d7bd"},
    {file = "rubik_cube-0.0.1-py3-none-any.whl", hash = "sha256:3f48973e252e4e4adead580a87d06976419a51c3f502e291736d60a70d0eccbf"},
]

[metadata]
lock-version = "2.0"
python-versions = "^3.10"
content-hash = "0024d6af96a2fa28765c831c4ee2a03a41917627e241b871ac0a673ccd6f0b21"
